
Microsoft Visual Studio Solution File, Format Version 12.00
# Visual Studio Version 16
VisualStudioVersion = 16.0.30907.101
MinimumVisualStudioVersion = 10.0.40219.1
Project("{FAE04EC0-301F-11D3-BF4B-00C04F79EFBC}") = "FDP_INVERSMENTS", "FDP_INVERSMENTS.csproj", "{E59255AA-8310-40E5-8EF6-843D83F543F9}"
EndProject
Global
	GlobalSection(SolutionConfigurationPlatforms) = preSolution
		Debug|Any CPU = Debug|Any CPU
		Release|Any CPU = Release|Any CPU
	EndGlobalSection
	GlobalSection(ProjectConfigurationPlatforms) = postSolution
		{E59255AA-8310-40E5-8EF6-843D83F543F9}.Debug|Any CPU.ActiveCfg = Debug|Any CPU
		{E59255AA-8310-40E5-8EF6-843D83F543F9}.Debug|Any CPU.Build.0 = Debug|Any CPU
		{E59255AA-8310-40E5-8EF6-843D83F543F9}.Release|Any CPU.ActiveCfg = Release|Any CPU
		{E59255AA-8310-40E5-8EF6-843D83F543F9}.Release|Any CPU.Build.0 = Release|Any CPU
	EndGlobalSection
	GlobalSection(SolutionProperties) = preSolution
		HideSolutionNode = FALSE
	EndGlobalSection
	GlobalSection(ExtensibilityGlobals) = postSolution
		SolutionGuid = {A22D94A8-BF6F-4CEB-9B5A-4C5B7681CC26}
	EndGlobalSection
EndGlobal
